
Microsoft Visual Studio Solution File, Format Version 12.00
# Visual Studio Version 17
VisualStudioVersion = 17.9.34728.123
MinimumVisualStudioVersion = 10.0.40219.1
Project("{FAE04EC0-301F-11D3-BF4B-00C04F79EFBC}") = "01. El viajar es un placer", "01. El viajar es un placer\01. El viajar es un placer.csproj", "{3C4A15E8-0427-4214-84EC-59A1EA60A45B}"
EndProject
Global
	GlobalSection(SolutionConfigurationPlatforms) = preSolution
		Debug|Any CPU = Debug|Any CPU
		Release|Any CPU = Release|Any CPU
	EndGlobalSection
	GlobalSection(ProjectConfigurationPlatforms) = postSolution
		{3C4A15E8-0427-4214-84EC-59A1EA60A45B}.Debug|Any CPU.ActiveCfg = Debug|Any CPU
		{3C4A15E8-0427-4214-84EC-59A1EA60A45B}.Debug|Any CPU.Build.0 = Debug|Any CPU
		{3C4A15E8-0427-4214-84EC-59A1EA60A45B}.Release|Any CPU.ActiveCfg = Release|Any CPU
		{3C4A15E8-0427-4214-84EC-59A1EA60A45B}.Release|Any CPU.Build.0 = Release|Any CPU
	EndGlobalSection
	GlobalSection(SolutionProperties) = preSolution
		HideSolutionNode = FALSE
	EndGlobalSection
	GlobalSection(ExtensibilityGlobals) = postSolution
		SolutionGuid = {F6433562-7F77-4BB8-B691-D7C269F522B3}
	EndGlobalSection
EndGlobal
