
Microsoft Visual Studio Solution File, Format Version 12.00
# Visual Studio Version 17
VisualStudioVersion = 17.9.34728.123
MinimumVisualStudioVersion = 10.0.40219.1
Project("{FAE04EC0-301F-11D3-BF4B-00C04F79EFBC}") = "01", "01\01.csproj", "{25DEB364-EB90-4D3E-A395-E05612E5AF71}"
EndProject
Global
	GlobalSection(SolutionConfigurationPlatforms) = preSolution
		Debug|Any CPU = Debug|Any CPU
		Release|Any CPU = Release|Any CPU
	EndGlobalSection
	GlobalSection(ProjectConfigurationPlatforms) = postSolution
		{25DEB364-EB90-4D3E-A395-E05612E5AF71}.Debug|Any CPU.ActiveCfg = Debug|Any CPU
		{25DEB364-EB90-4D3E-A395-E05612E5AF71}.Debug|Any CPU.Build.0 = Debug|Any CPU
		{25DEB364-EB90-4D3E-A395-E05612E5AF71}.Release|Any CPU.ActiveCfg = Release|Any CPU
		{25DEB364-EB90-4D3E-A395-E05612E5AF71}.Release|Any CPU.Build.0 = Release|Any CPU
	EndGlobalSection
	GlobalSection(SolutionProperties) = preSolution
		HideSolutionNode = FALSE
	EndGlobalSection
	GlobalSection(ExtensibilityGlobals) = postSolution
		SolutionGuid = {DF12E64B-8780-41C9-88EE-A78B8A06371F}
	EndGlobalSection
EndGlobal
